
Microsoft Visual Studio Solution File, Format Version 12.00
# Visual Studio Version 17
VisualStudioVersion = 17.4.33213.308
MinimumVisualStudioVersion = 10.0.40219.1
Project("{9A19103F-16F7-4668-BE54-9A1E7A4F7556}") = "TreeSizeApp", "TreeSizeApp\TreeSizeApp.csproj", "{025F9CFF-26EF-46D8-8F80-9C2750FD9862}"
EndProject
Project("{FAE04EC0-301F-11D3-BF4B-00C04F79EFBC}") = "TreeSizeAppTests", "TreeSizeAppTests\TreeSizeAppTests.csproj", "{643E9CC7-CAE7-4885-88EA-4B10710CEE52}"
EndProject
Global
	GlobalSection(SolutionConfigurationPlatforms) = preSolution
		Debug|Any CPU = Debug|Any CPU
		Release|Any CPU = Release|Any CPU
	EndGlobalSection
	GlobalSection(ProjectConfigurationPlatforms) = postSolution
		{025F9CFF-26EF-46D8-8F80-9C2750FD9862}.Debug|Any CPU.ActiveCfg = Debug|Any CPU
		{025F9CFF-26EF-46D8-8F80-9C2750FD9862}.Debug|Any CPU.Build.0 = Debug|Any CPU
		{025F9CFF-26EF-46D8-8F80-9C2750FD9862}.Release|Any CPU.ActiveCfg = Release|Any CPU
		{025F9CFF-26EF-46D8-8F80-9C2750FD9862}.Release|Any CPU.Build.0 = Release|Any CPU
		{643E9CC7-CAE7-4885-88EA-4B10710CEE52}.Debug|Any CPU.ActiveCfg = Debug|Any CPU
		{643E9CC7-CAE7-4885-88EA-4B10710CEE52}.Debug|Any CPU.Build.0 = Debug|Any CPU
		{643E9CC7-CAE7-4885-88EA-4B10710CEE52}.Release|Any CPU.ActiveCfg = Release|Any CPU
		{643E9CC7-CAE7-4885-88EA-4B10710CEE52}.Release|Any CPU.Build.0 = Release|Any CPU
	EndGlobalSection
	GlobalSection(SolutionProperties) = preSolution
		HideSolutionNode = FALSE
	EndGlobalSection
	GlobalSection(ExtensibilityGlobals) = postSolution
		SolutionGuid = {7AE69519-AFFA-4525-BB4D-9186F85DBF6F}
	EndGlobalSection
EndGlobal
